<?xml version="1.0" encoding="utf-8"?>
<Project ToolsVersion="4.0" xmlns="http://schemas.microsoft.com/developer/msbuild/2003">
  <ItemGroup>
    <Filter Include="Source Files">
      <UniqueIdentifier>{4FC737F1-C7A5-4376-A066-2A32D752A2FF}</UniqueIdentifier>
      <Extensions>cpp;c;cc;cxx;c++;def;odl;idl;hpj;bat;asm;asmx</Extensions>
    </Filter>
    <Filter Include="Header Files">
      <UniqueIdentifier>{93995380-89BD-4b04-88EB-625FBE52EBFB}</UniqueIdentifier>
      <Extensions>h;hh;hpp;hxx;h++;hm;inl;inc;ipp;xsd</Extensions>
    </Filter>
    <Filter Include="Resource Files">
      <UniqueIdentifier>{67DA6AB6-F800-4c08-8B7A-83BB121AAD01}</UniqueIdentifier>
      <Extensions>rc;ico;cur;bmp;dlg;rc2;rct;bin;rgs;gif;jpg;jpeg;jpe;resx;tiff;tif;png;wav;mfcribbon-ms</Extensions>
    </Filter>
  </ItemGroup>
  <ItemGroup>
    <ClCompile Include="src\main.cpp">
      <Filter>Source Files</Filter>
    </ClCompile>
    <ClCompile Include="src\Bullet\BulletManager.cpp">
      <Filter>Source Files</Filter>
    </ClCompile>
    <ClCompile Include="src\Wall\Wall.cpp">
      <Filter>Source Files</Filter>
    </ClCompile>
    <ClCompile Include="src\Kernel\Primitives\DrawableLine.cpp">
      <Filter>Source Files</Filter>
    </ClCompile>
    <ClCompile Include="src\Bullet\BulletObject.cpp">
      <Filter>Source Files</Filter>
    </ClCompile>
    <ClCompile Include="src\Kernel\Math.cpp">
      <Filter>Source Files</Filter>
    </ClCompile>
    <ClCompile Include="src\ExternalCode\FPSController.cpp">
      <Filter>Source Files</Filter>
    </ClCompile>
    <ClCompile Include="src\ExternalCode\System.cpp">
      <Filter>Source Files</Filter>
    </ClCompile>
    <ClCompile Include="src\Kernel\CollisionDetector\TwoPointLineCollider.cpp">
      <Filter>Source Files</Filter>
    </ClCompile>
  </ItemGroup>
  <ItemGroup>
    <ClInclude Include="src\Bullet\BulletManager.h">
      <Filter>Header Files</Filter>
    </ClInclude>
    <ClInclude Include="src\Bullet\StartBulletInfo.h">
      <Filter>Header Files</Filter>
    </ClInclude>
    <ClInclude Include="src\Wall\Wall.h">
      <Filter>Header Files</Filter>
    </ClInclude>
    <ClInclude Include="src\Kernel\IDrawable.h">
      <Filter>Header Files</Filter>
    </ClInclude>
    <ClInclude Include="src\Kernel\Primitives\DrawableLine.h">
      <Filter>Header Files</Filter>
    </ClInclude>
    <ClInclude Include="src\Kernel\Math.h">
      <Filter>Header Files</Filter>
    </ClInclude>
    <ClInclude Include="src\Bullet\BulletObject.h">
      <Filter>Header Files</Filter>
    </ClInclude>
    <ClInclude Include="src\Kernel\ISimulatable.h">
      <Filter>Header Files</Filter>
    </ClInclude>
    <ClInclude Include="src\Kernel\Time.h">
      <Filter>Header Files</Filter>
    </ClInclude>
    <ClInclude Include="src\ExternalCode\ReadMe.h">
      <Filter>Header Files</Filter>
    </ClInclude>
    <ClInclude Include="src\ExternalCode\FPSController.h">
      <Filter>Header Files</Filter>
    </ClInclude>
    <ClInclude Include="src\ExternalCode\NumberCircle.h">
      <Filter>Header Files</Filter>
    </ClInclude>
    <ClInclude Include="src\ExternalCode\System.h">
      <Filter>Header Files</Filter>
    </ClInclude>
    <ClInclude Include="src\ExternalCode\TimeValue.h">
      <Filter>Header Files</Filter>
    </ClInclude>
    <ClInclude Include="src\Kernel\CollisionDetector\CollisionDetector.h">
      <Filter>Header Files</Filter>
    </ClInclude>
    <ClInclude Include="src\ExternalCode\ListenerManager.h">
      <Filter>Header Files</Filter>
    </ClInclude>
    <ClInclude Include="src\Kernel\CollisionDetector\TwoPointLineCollider.h">
      <Filter>Header Files</Filter>
    </ClInclude>
  </ItemGroup>
</Project>